
Microsoft Visual Studio Solution File, Format Version 12.00
# Visual Studio Version 17
VisualStudioVersion = 17.0.32014.148
MinimumVisualStudioVersion = 10.0.40219.1
Project("{9A19103F-16F7-4668-BE54-9A1E7A4F7556}") = "MVCAspDotNetCore", "MVCAspDotNetCore\MVCAspDotNetCore.csproj", "{EFC33DB5-7F67-4DDB-944C-4A236707137A}"
EndProject
Project("{FAE04EC0-301F-11D3-BF4B-00C04F79EFBC}") = "APIAspDotNetCore", "APIAspDotNetCore\APIAspDotNetCore.csproj", "{F8022B6A-2DCF-423B-AB54-E8F6FA0F6F00}"
EndProject
Global
	GlobalSection(SolutionConfigurationPlatforms) = preSolution
		Debug|Any CPU = Debug|Any CPU
		Release|Any CPU = Release|Any CPU
	EndGlobalSection
	GlobalSection(ProjectConfigurationPlatforms) = postSolution
		{EFC33DB5-7F67-4DDB-944C-4A236707137A}.Debug|Any CPU.ActiveCfg = Debug|Any CPU
		{EFC33DB5-7F67-4DDB-944C-4A236707137A}.Debug|Any CPU.Build.0 = Debug|Any CPU
		{EFC33DB5-7F67-4DDB-944C-4A236707137A}.Release|Any CPU.ActiveCfg = Release|Any CPU
		{EFC33DB5-7F67-4DDB-944C-4A236707137A}.Release|Any CPU.Build.0 = Release|Any CPU
		{F8022B6A-2DCF-423B-AB54-E8F6FA0F6F00}.Debug|Any CPU.ActiveCfg = Debug|Any CPU
		{F8022B6A-2DCF-423B-AB54-E8F6FA0F6F00}.Debug|Any CPU.Build.0 = Debug|Any CPU
		{F8022B6A-2DCF-423B-AB54-E8F6FA0F6F00}.Release|Any CPU.ActiveCfg = Release|Any CPU
		{F8022B6A-2DCF-423B-AB54-E8F6FA0F6F00}.Release|Any CPU.Build.0 = Release|Any CPU
	EndGlobalSection
	GlobalSection(SolutionProperties) = preSolution
		HideSolutionNode = FALSE
	EndGlobalSection
	GlobalSection(ExtensibilityGlobals) = postSolution
		SolutionGuid = {40187500-2841-4E61-B066-56A14178411F}
	EndGlobalSection
EndGlobal
